// !$*UTF8*$!
{
	archiveVersion = 1;
	classes = {
	};
	objectVersion = 46;
	objects = {

/* Begin PBXBuildFile section */
		8B70901A1A4AE72F00ED4AD3 /* AppDelegate.swift in Sources */ = {isa = PBXBuildFile; fileRef = 8B7090191A4AE72F00ED4AD3 /* AppDelegate.swift */; };
		8B70901C1A4AE72F00ED4AD3 /* ViewController.swift in Sources */ = {isa = PBXBuildFile; fileRef = 8B70901B1A4AE72F00ED4AD3 /* ViewController.swift */; };
		8B70901F1A4AE72F00ED4AD3 /* Main.storyboard in Resources */ = {isa = PBXBuildFile; fileRef = 8B70901D1A4AE72F00ED4AD3 /* Main.storyboard */; };
		8B7090211A4AE72F00ED4AD3 /* Images.xcassets in Resources */ = {isa = PBXBuildFile; fileRef = 8B7090201A4AE72F00ED4AD3 /* Images.xcassets */; };
		8B7090241A4AE72F00ED4AD3 /* LaunchScreen.xib in Resources */ = {isa = PBXBuildFile; fileRef = 8B7090221A4AE72F00ED4AD3 /* LaunchScreen.xib */; };
		8B7090301A4AE73000ED4AD3 /* PrimeraAppTests.swift in Sources */ = {isa = PBXBuildFile; fileRef = 8B70902F1A4AE73000ED4AD3 /* PrimeraAppTests.swift */; };
/* End PBXBuildFile section */

/* Begin PBXContainerItemProxy section */
		8B70902A1A4AE73000ED4AD3 /* PBXContainerItemProxy */ = {
			isa = PBXContainerItemProxy;
			containerPortal = 8B70900C1A4AE72F00ED4AD3 /* Project object */;
			proxyType = 1;
			remoteGlobalIDString = 8B7090131A4AE72F00ED4AD3;
			remoteInfo = PrimeraApp;
		};
/* End PBXContainerItemProxy section */

/* Begin PBXFileReference section */
		8B7090141A4AE72F00ED4AD3 /* PrimeraApp.app */ = {isa = PBXFileReference; explicitFileType = wrapper.application; includeInIndex = 0; path = PrimeraApp.app; sourceTree = BUILT_PRODUCTS_DIR; };
		8B7090181A4AE72F00ED4AD3 /* Info.plist */ = {isa = PBXFileReference; lastKnownFileType = text.plist.xml; path = Info.plist; sourceTree = "<group>"; };
		8B7090191A4AE72F00ED4AD3 /* AppDelegate.swift */ = {isa = PBXFileReference; lastKnownFileType = sourcecode.swift; path = AppDelegate.swift; sourceTree = "<group>"; };
		8B70901B1A4AE72F00ED4AD3 /* ViewController.swift */ = {isa = PBXFileReference; lastKnownFileType = sourcecode.swift; path = ViewController.swift; sourceTree = "<group>"; };
		8B70901E1A4AE72F00ED4AD3 /* Base */ = {isa = PBXFileReference; lastKnownFileType = file.storyboard; name = Base; path = Base.lproj/Main.storyboard; sourceTree = "<group>"; };
		8B7090201A4AE72F00ED4AD3 /* Images.xcassets */ = {isa = PBXFileReference; lastKnownFileType = folder.assetcatalog; path = Images.xcassets; sourceTree = "<group>"; };
		8B7090231A4AE72F00ED4AD3 /* Base */ = {isa = PBXFileReference; lastKnownFileType = file.xib; name = Base; path = Base.lproj/LaunchScreen.xib; sourceTree = "<group>"; };
		8B7090291A4AE73000ED4AD3 /* PrimeraAppTests.xctest */ = {isa = PBXFileReference; explicitFileType = wrapper.cfbundle; includeInIndex = 0; path = PrimeraAppTests.xctest; sourceTree = BUILT_PRODUCTS_DIR; };
		8B70902E1A4AE73000ED4AD3 /* Info.plist */ = {isa = PBXFileReference; lastKnownFileType = text.plist.xml; path = Info.plist; sourceTree = "<group>"; };
		8B70902F1A4AE73000ED4AD3 /* PrimeraAppTests.swift */ = {isa = PBXFileReference; lastKnownFileType = sourcecode.swift; path = PrimeraAppTests.swift; sourceTree = "<group>"; };
/* End PBXFileReference section */

/* Begin PBXFrameworksBuildPhase section */
		8B7090111A4AE72F00ED4AD3 /* Frameworks */ = {
			isa = PBXFrameworksBuildPhase;
			buildActionMask = 2147483647;
			files = (
			);
			runOnlyForDeploymentPostprocessing = 0;
		};
		8B7090261A4AE73000ED4AD3 /* Frameworks */ = {
			isa = PBXFrameworksBuildPhase;
			buildActionMask = 2147483647;
			files = (
			);
			runOnlyForDeploymentPostprocessing = 0;
		};
/* End PBXFrameworksBuildPhase section */

/* Begin PBXGroup section */
		8B70900B1A4AE72F00ED4AD3 = {
			isa = PBXGroup;
			children = (
				8B7090161A4AE72F00ED4AD3 /* PrimeraApp */,
				8B70902C1A4AE73000ED4AD3 /* PrimeraAppTests */,
				8B7090151A4AE72F00ED4AD3 /* Products */,
			);
			sourceTree = "<group>";
		};
		8B7090151A4AE72F00ED4AD3 /* Products */ = {
			isa = PBXGroup;
			children = (
				8B7090141A4AE72F00ED4AD3 /* PrimeraApp.app */,
				8B7090291A4AE73000ED4AD3 /* PrimeraAppTests.xctest */,
			);
			name = Products;
			sourceTree = "<group>";
		};
		8B7090161A4AE72F00ED4AD3 /* PrimeraApp */ = {
			isa = PBXGroup;
			children = (
				8B7090191A4AE72F00ED4AD3 /* AppDelegate.swift */,
				8B70901B1A4AE72F00ED4AD3 /* ViewController.swift */,
				8B70901D1A4AE72F00ED4AD3 /* Main.storyboard */,
				8B7090201A4AE72F00ED4AD3 /* Images.xcassets */,
				8B7090221A4AE72F00ED4AD3 /* LaunchScreen.xib */,
				8B7090171A4AE72F00ED4AD3 /* Supporting Files */,
			);
			path = PrimeraApp;
			sourceTree = "<group>";
		};
		8B7090171A4AE72F00ED4AD3 /* Supporting Files */ = {
			isa = PBXGroup;
			children = (
				8B7090181A4AE72F00ED4AD3 /* Info.plist */,
			);
			name = "Supporting Files";
			sourceTree = "<group>";
		};
		8B70902C1A4AE73000ED4AD3 /* PrimeraAppTests */ = {
			isa = PBXGroup;
			children = (
				8B70902F1A4AE73000ED4AD3 /* PrimeraAppTests.swift */,
				8B70902D1A4AE73000ED4AD3 /* Supporting Files */,
			);
			path = PrimeraAppTests;
			sourceTree = "<group>";
		};
		8B70902D1A4AE73000ED4AD3 /* Supporting Files */ = {
			isa = PBXGroup;
			children = (
				8B70902E1A4AE73000ED4AD3 /* Info.plist */,
			);
			name = "Supporting Files";
			sourceTree = "<group>";
		};
/* End PBXGroup section */

/* Begin PBXNativeTarget section */
		8B7090131A4AE72F00ED4AD3 /* PrimeraApp */ = {
			isa = PBXNativeTarget;
			buildConfigurationList = 8B7090331A4AE73000ED4AD3 /* Build configuration list for PBXNativeTarget "PrimeraApp" */;
			buildPhases = (
				8B7090101A4AE72F00ED4AD3 /* Sources */,
				8B7090111A4AE72F00ED4AD3 /* Frameworks */,
				8B7090121A4AE72F00ED4AD3 /* Resources */,
			);
			buildRules = (
			);
			dependencies = (
			);
			name = PrimeraApp;
			productName = PrimeraApp;
			productReference = 8B7090141A4AE72F00ED4AD3 /* PrimeraApp.app */;
			productType = "com.apple.product-type.application";
		};
		8B7090281A4AE73000ED4AD3 /* PrimeraAppTests */ = {
			isa = PBXNativeTarget;
			buildConfigurationList = 8B7090361A4AE73000ED4AD3 /* Build configuration list for PBXNativeTarget "PrimeraAppTests" */;
			buildPhases = (
				8B7090251A4AE73000ED4AD3 /* Sources */,
				8B7090261A4AE73000ED4AD3 /* Frameworks */,
				8B7090271A4AE73000ED4AD3 /* Resources */,
			);
			buildRules = (
			);
			dependencies = (
				8B70902B1A4AE73000ED4AD3 /* PBXTargetDependency */,
			);
			name = PrimeraAppTests;
			productName = PrimeraAppTests;
			productReference = 8B7090291A4AE73000ED4AD3 /* PrimeraAppTests.xctest */;
			productType = "com.apple.product-type.bundle.unit-test";
		};
/* End PBXNativeTarget section */

/* Begin PBXProject section */
		8B70900C1A4AE72F00ED4AD3 /* Project object */ = {
			isa = PBXProject;
			attributes = {
				LastUpgradeCheck = 0610;
				ORGANIZATIONNAME = Alejandro;
				TargetAttributes = {
					8B7090131A4AE72F00ED4AD3 = {
						CreatedOnToolsVersion = 6.1.1;
					};
					8B7090281A4AE73000ED4AD3 = {
						CreatedOnToolsVersion = 6.1.1;
						TestTargetID = 8B7090131A4AE72F00ED4AD3;
					};
				};
			};
			buildConfigurationList = 8B70900F1A4AE72F00ED4AD3 /* Build configuration list for PBXProject "PrimeraApp" */;
			compatibilityVersion = "Xcode 3.2";
			developmentRegion = English;
			hasScannedForEncodings = 0;
			knownRegions = (
				en,
				Base,
			);
			mainGroup = 8B70900B1A4AE72F00ED4AD3;
			productRefGroup = 8B7090151A4AE72F00ED4AD3 /* Products */;
			projectDirPath = "";
			projectRoot = "";
			targets = (
				8B7090131A4AE72F00ED4AD3 /* PrimeraApp */,
				8B7090281A4AE73000ED4AD3 /* PrimeraAppTests */,
			);
		};
/* End PBXProject section */

/* Begin PBXResourcesBuildPhase section */
		8B7090121A4AE72F00ED4AD3 /* Resources */ = {
			isa = PBXResourcesBuildPhase;
			buildActionMask = 2147483647;
			files = (
				8B70901F1A4AE72F00ED4AD3 /* Main.storyboard in Resources */,
				8B7090241A4AE72F00ED4AD3 /* LaunchScreen.xib in Resources */,
				8B7090211A4AE72F00ED4AD3 /* Images.xcassets in Resources */,
			);
			runOnlyForDeploymentPostprocessing = 0;
		};
		8B7090271A4AE73000ED4AD3 /* Resources */ = {
			isa = PBXResourcesBuildPhase;
			buildActionMask = 2147483647;
			files = (
			);
			runOnlyForDeploymentPostprocessing = 0;
		};
/* End PBXResourcesBuildPhase section */

/* Begin PBXSourcesBuildPhase section */
		8B7090101A4AE72F00ED4AD3 /* Sources */ = {
			isa = PBXSourcesBuildPhase;
			buildActionMask = 2147483647;
			files = (
				8B70901C1A4AE72F00ED4AD3 /* ViewController.swift in Sources */,
				8B70901A1A4AE72F00ED4AD3 /* AppDelegate.swift in Sources */,
			);
			runOnlyForDeploymentPostprocessing = 0;
		};
		8B7090251A4AE73000ED4AD3 /* Sources */ = {
			isa = PBXSourcesBuildPhase;
			buildActionMask = 2147483647;
			files = (
				8B7090301A4AE73000ED4AD3 /* PrimeraAppTests.swift in Sources */,
			);
			runOnlyForDeploymentPostprocessing = 0;
		};
/* End PBXSourcesBuildPhase section */

/* Begin PBXTargetDependency section */
		8B70902B1A4AE73000ED4AD3 /* PBXTargetDependency */ = {
			isa = PBXTargetDependency;
			target = 8B7090131A4AE72F00ED4AD3 /* PrimeraApp */;
			targetProxy = 8B70902A1A4AE73000ED4AD3 /* PBXContainerItemProxy */;
		};
/* End PBXTargetDependency section */

/* Begin PBXVariantGroup section */
		8B70901D1A4AE72F00ED4AD3 /* Main.storyboard */ = {
			isa = PBXVariantGroup;
			children = (
				8B70901E1A4AE72F00ED4AD3 /* Base */,
			);
			name = Main.storyboard;
			sourceTree = "<group>";
		};
		8B7090221A4AE72F00ED4AD3 /* LaunchScreen.xib */ = {
			isa = PBXVariantGroup;
			children = (
				8B7090231A4AE72F00ED4AD3 /* Base */,
			);
			name = LaunchScreen.xib;
			sourceTree = "<group>";
		};
/* End PBXVariantGroup section */

/* Begin XCBuildConfiguration section */
		8B7090311A4AE73000ED4AD3 /* Debug */ = {
			isa = XCBuildConfiguration;
			buildSettings = {
				ALWAYS_SEARCH_USER_PATHS = NO;
				CLANG_CXX_LANGUAGE_STANDARD = "gnu++0x";
				CLANG_CXX_LIBRARY = "libc++";
				CLANG_ENABLE_MODULES = YES;
				CLANG_ENABLE_OBJC_ARC = YES;
				CLANG_WARN_BOOL_CONVERSION = YES;
				CLANG_WARN_CONSTANT_CONVERSION = YES;
				CLANG_WARN_DIRECT_OBJC_ISA_USAGE = YES_ERROR;
				CLANG_WARN_EMPTY_BODY = YES;
				CLANG_WARN_ENUM_CONVERSION = YES;
				CLANG_WARN_INT_CONVERSION = YES;
				CLANG_WARN_OBJC_ROOT_CLASS = YES_ERROR;
				CLANG_WARN_UNREACHABLE_CODE = YES;
				CLANG_WARN__DUPLICATE_METHOD_MATCH = YES;
				"CODE_SIGN_IDENTITY[sdk=iphoneos*]" = "iPhone Developer";
				COPY_PHASE_STRIP = NO;
				ENABLE_STRICT_OBJC_MSGSEND = YES;
				GCC_C_LANGUAGE_STANDARD = gnu99;
				GCC_DYNAMIC_NO_PIC = NO;
				GCC_OPTIMIZATION_LEVEL = 0;
				GCC_PREPROCESSOR_DEFINITIONS = (
					"DEBUG=1",
					"$(inherited)",
				);
				GCC_SYMBOLS_PRIVATE_EXTERN = NO;
				GCC_WARN_64_TO_32_BIT_CONVERSION = YES;
				GCC_WARN_ABOUT_RETURN_TYPE = YES_ERROR;
				GCC_WARN_UNDECLARED_SELECTOR = YES;
				GCC_WARN_UNINITIALIZED_AUTOS = YES_AGGRESSIVE;
				GCC_WARN_UNUSED_FUNCTION = YES;
				GCC_WARN_UNUSED_VARIABLE = YES;
				IPHONEOS_DEPLOYMENT_TARGET = 8.1;
				MTL_ENABLE_DEBUG_INFO = YES;
				ONLY_ACTIVE_ARCH = YES;
				SDKROOT = iphoneos;
				SWIFT_OPTIMIZATION_LEVEL = "-Onone";
				TARGETED_DEVICE_FAMILY = "1,2";
			};
			name = Debug;
		};
		8B7090321A4AE73000ED4AD3 /* Release */ = {
			isa = XCBuildConfiguration;
			buildSettings = {
				ALWAYS_SEARCH_USER_PATHS = NO;
				CLANG_CXX_LANGUAGE_STANDARD = "gnu++0x";
				CLANG_CXX_LIBRARY = "libc++";
				CLANG_ENABLE_MODULES = YES;
				CLANG_ENABLE_OBJC_ARC = YES;
				CLANG_WARN_BOOL_CONVERSION = YES;
				CLANG_WARN_CONSTANT_CONVERSION = YES;
				CLANG_WARN_DIRECT_OBJC_ISA_USAGE = YES_ERROR;
				CLANG_WARN_EMPTY_BODY = YES;
				CLANG_WARN_ENUM_CONVERSION = YES;
				CLANG_WARN_INT_CONVERSION = YES;
				CLANG_WARN_OBJC_ROOT_CLASS = YES_ERROR;
				CLANG_WARN_UNREACHABLE_CODE = YES;
				CLANG_WARN__DUPLICATE_METHOD_MATCH = YES;
				"CODE_SIGN_IDENTITY[sdk=iphoneos*]" = "iPhone Developer";
				COPY_PHASE_STRIP = YES;
				ENABLE_NS_ASSERTIONS = NO;
				ENABLE_STRICT_OBJC_MSGSEND = YES;
				GCC_C_LANGUAGE_STANDARD = gnu99;
				GCC_WARN_64_TO_32_BIT_CONVERSION = YES;
				GCC_WARN_ABOUT_RETURN_TYPE = YES_ERROR;
				GCC_WARN_UNDECLARED_SELECTOR = YES;
				GCC_WARN_UNINITIALIZED_AUTOS = YES_AGGRESSIVE;
				GCC_WARN_UNUSED_FUNCTION = YES;
				GCC_WARN_UNUSED_VARIABLE = YES;
				IPHONEOS_DEPLOYMENT_TARGET = 8.1;
				MTL_ENABLE_DEBUG_INFO = NO;
				SDKROOT = iphoneos;
				TARGETED_DEVICE_FAMILY = "1,2";
				VALIDATE_PRODUCT = YES;
			};
			name = Release;
		};
		8B7090341A4AE73000ED4AD3 /* Debug */ = {
			isa = XCBuildConfiguration;
			buildSettings = {
				ASSETCATALOG_COMPILER_APPICON_NAME = AppIcon;
				INFOPLIST_FILE = PrimeraApp/Info.plist;
				LD_RUNPATH_SEARCH_PATHS = "$(inherited) @executable_path/Frameworks";
				PRODUCT_NAME = "$(TARGET_NAME)";
			};
			name = Debug;
		};
		8B7090351A4AE73000ED4AD3 /* Release */ = {
			isa = XCBuildConfiguration;
			buildSettings = {
				ASSETCATALOG_COMPILER_APPICON_NAME = AppIcon;
				INFOPLIST_FILE = PrimeraApp/Info.plist;
				LD_RUNPATH_SEARCH_PATHS = "$(inherited) @executable_path/Frameworks";
				PRODUCT_NAME = "$(TARGET_NAME)";
			};
			name = Release;
		};
		8B7090371A4AE73000ED4AD3 /* Debug */ = {
			isa = XCBuildConfiguration;
			buildSettings = {
				BUNDLE_LOADER = "$(TEST_HOST)";
				FRAMEWORK_SEARCH_PATHS = (
					"$(SDKROOT)/Developer/Library/Frameworks",
					"$(inherited)",
				);
				GCC_PREPROCESSOR_DEFINITIONS = (
					"DEBUG=1",
					"$(inherited)",
				);
				INFOPLIST_FILE = PrimeraAppTests/Info.plist;
				LD_RUNPATH_SEARCH_PATHS = "$(inherited) @executable_path/Frameworks @loader_path/Frameworks";
				PRODUCT_NAME = "$(TARGET_NAME)";
				TEST_HOST = "$(BUILT_PRODUCTS_DIR)/PrimeraApp.app/PrimeraApp";
			};
			name = Debug;
		};
		8B7090381A4AE73000ED4AD3 /* Release */ = {
			isa = XCBuildConfiguration;
			buildSettings = {
				BUNDLE_LOADER = "$(TEST_HOST)";
				FRAMEWORK_SEARCH_PATHS = (
					"$(SDKROOT)/Developer/Library/Frameworks",
					"$(inherited)",
				);
				INFOPLIST_FILE = PrimeraAppTests/Info.plist;
				LD_RUNPATH_SEARCH_PATHS = "$(inherited) @executable_path/Frameworks @loader_path/Frameworks";
				PRODUCT_NAME = "$(TARGET_NAME)";
				TEST_HOST = "$(BUILT_PRODUCTS_DIR)/PrimeraApp.app/PrimeraApp";
			};
			name = Release;
		};
/* End XCBuildConfiguration section */

/* Begin XCConfigurationList section */
		8B70900F1A4AE72F00ED4AD3 /* Build configuration list for PBXProject "PrimeraApp" */ = {
			isa = XCConfigurationList;
			buildConfigurations = (
				8B7090311A4AE73000ED4AD3 /* Debug */,
				8B7090321A4AE73000ED4AD3 /* Release */,
			);
			defaultConfigurationIsVisible = 0;
			defaultConfigurationName = Release;
		};
		8B7090331A4AE73000ED4AD3 /* Build configuration list for PBXNativeTarget "PrimeraApp" */ = {
			isa = XCConfigurationList;
			buildConfigurations = (
				8B7090341A4AE73000ED4AD3 /* Debug */,
				8B7090351A4AE73000ED4AD3 /* Release */,
			);
			defaultConfigurationIsVisible = 0;
		};
		8B7090361A4AE73000ED4AD3 /* Build configuration list for PBXNativeTarget "PrimeraAppTests" */ = {
			isa = XCConfigurationList;
			buildConfigurations = (
				8B7090371A4AE73000ED4AD3 /* Debug */,
				8B7090381A4AE73000ED4AD3 /* Release */,
			);
			defaultConfigurationIsVisible = 0;
		};
/* End XCConfigurationList section */
	};
	rootObject = 8B70900C1A4AE72F00ED4AD3 /* Project object */;
}
